
Microsoft Visual Studio Solution File, Format Version 12.00
# Visual Studio Version 17
VisualStudioVersion = 17.8.34525.116
MinimumVisualStudioVersion = 10.0.40219.1
Project("{FAE04EC0-301F-11D3-BF4B-00C04F79EFBC}") = "L02P02_2021MD601__2021QH601", "L02P02_2021MD601__2021QH601.csproj", "{A0DF00F7-ABEF-4542-B7B5-C78E0FEC687D}"
EndProject
Global
	GlobalSection(SolutionConfigurationPlatforms) = preSolution
		Debug|Any CPU = Debug|Any CPU
		Release|Any CPU = Release|Any CPU
	EndGlobalSection
	GlobalSection(ProjectConfigurationPlatforms) = postSolution
		{A0DF00F7-ABEF-4542-B7B5-C78E0FEC687D}.Debug|Any CPU.ActiveCfg = Debug|Any CPU
		{A0DF00F7-ABEF-4542-B7B5-C78E0FEC687D}.Debug|Any CPU.Build.0 = Debug|Any CPU
		{A0DF00F7-ABEF-4542-B7B5-C78E0FEC687D}.Release|Any CPU.ActiveCfg = Release|Any CPU
		{A0DF00F7-ABEF-4542-B7B5-C78E0FEC687D}.Release|Any CPU.Build.0 = Release|Any CPU
	EndGlobalSection
	GlobalSection(SolutionProperties) = preSolution
		HideSolutionNode = FALSE
	EndGlobalSection
	GlobalSection(ExtensibilityGlobals) = postSolution
		SolutionGuid = {8AA65D75-0FC7-4AF7-8FAA-19B022BC9C5D}
	EndGlobalSection
EndGlobal
